dependencies:
- name: queue
  repository: https://raw.githubusercontent.com/53555/helm-repo/master
  version: 0.1.0
- name: position-simulator
  repository: https://raw.githubusercontent.com/53555/helm-repo/master
  version: 0.1.0
- name: position-tracker
  repository: https://raw.githubusercontent.com/53555/helm-repo/master
  version: 0.1.0
- name: api-gateway
  repository: https://raw.githubusercontent.com/53555/helm-repo/master
  version: 0.1.0
- name: webapp
  repository: https://raw.githubusercontent.com/53555/helm-repo/master
  version: 0.1.0
digest: sha256:16830a13ca3ec0f24df3fe13e022f623de742443dd8a3399008feb33060df380
generated: "2021-06-29T16:25:59.0089963+05:30"
